
Microsoft Visual Studio Solution File, Format Version 12.00
# Visual Studio 14
VisualStudioVersion = 14.0.25420.1
MinimumVisualStudioVersion = 10.0.40219.1
Project("{FAE04EC0-301F-11D3-BF4B-00C04F79EFBC}") = "CSharpOv7", "CSharpOv7\CSharpOv7.csproj", "{94ED2181-AB52-477D-A68B-EBC849867CE3}"
EndProject
Global
	GlobalSection(SolutionConfigurationPlatforms) = preSolution
		Debug|Any CPU = Debug|Any CPU
		Release|Any CPU = Release|Any CPU
	EndGlobalSection
	GlobalSection(ProjectConfigurationPlatforms) = postSolution
		{94ED2181-AB52-477D-A68B-EBC849867CE3}.Debug|Any CPU.ActiveCfg = Debug|Any CPU
		{94ED2181-AB52-477D-A68B-EBC849867CE3}.Debug|Any CPU.Build.0 = Debug|Any CPU
		{94ED2181-AB52-477D-A68B-EBC849867CE3}.Release|Any CPU.ActiveCfg = Release|Any CPU
		{94ED2181-AB52-477D-A68B-EBC849867CE3}.Release|Any CPU.Build.0 = Release|Any CPU
	EndGlobalSection
	GlobalSection(SolutionProperties) = preSolution
		HideSolutionNode = FALSE
	EndGlobalSection
	GlobalSection(CodealikeProperties) = postSolution
		SolutionGuid = 60e7ce04-08fd-4523-b52b-ca2591a60b38
	EndGlobalSection
EndGlobal
